github.com/modelcontextprotocol/go-sdk v0.3.1 h1:0z04yIPlSwTluuelCBaL+wUag4YeflIU2Fr4Icb7M+o=
github.com/modelcontextprotocol/go-sdk v0.3.1/go.mod h1:whv0wHnsTphwq7CTiKYHkLtwLC06WMoY2KpO+RB9yXQ=
golang.org/x/net v0.43.0 h1:lat02VYK2j4aLzMzecihNvTlJNQUq316m2Mr9rnM6YE=
golang.org/x/net v0.43.0/go.mod h1:vhO1fvI4dGsIjh73sWfUVjj3N7CA9WkKJNQm2svM6Jg=
